Microsoft Visual Studio Solution File, Format Version 12.00
# Visual Studio Version 17
VisualStudioVersion = 17.5.2.0
MinimumVisualStudioVersion = 10.0.40219.1
Project("{FAE04EC0-301F-11D3-BF4B-00C04F79EFBC}") = "BankMod", "BankMod.csproj", "{DDC7F494-F9D6-D45B-6595-B304D349A8C6}"
EndProject
Global
	GlobalSection(SolutionConfigurationPlatforms) = preSolution
		Debug|Any CPU = Debug|Any CPU
		Release|Any CPU = Release|Any CPU
	EndGlobalSection
	GlobalSection(ProjectConfigurationPlatforms) = postSolution
		{DDC7F494-F9D6-D45B-6595-B304D349A8C6}.Debug|Any CPU.ActiveCfg = Debug|Any CPU
		{DDC7F494-F9D6-D45B-6595-B304D349A8C6}.Debug|Any CPU.Build.0 = Debug|Any CPU
		{DDC7F494-F9D6-D45B-6595-B304D349A8C6}.Release|Any CPU.ActiveCfg = Release|Any CPU
		{DDC7F494-F9D6-D45B-6595-B304D349A8C6}.Release|Any CPU.Build.0 = Release|Any CPU
	EndGlobalSection
	GlobalSection(SolutionProperties) = preSolution
		HideSolutionNode = FALSE
	EndGlobalSection
	GlobalSection(ExtensibilityGlobals) = postSolution
		SolutionGuid = {D41FD78E-EAD9-4B1E-B490-0C532B63DD56}
	EndGlobalSection
EndGlobal
